// !$*UTF8*$!
{
	archiveVersion = 1;
	classes = {
	};
	objectVersion = 56;
	objects = {

/* Begin PBXBuildFile section */
		E294FA162B4A6EA3000A0F89 /* hanoiApp.swift in Sources */ = {isa = PBXBuildFile; fileRef = E294FA152B4A6EA3000A0F89 /* hanoiApp.swift */; };
		E294FA182B4A6EA3000A0F89 /* ContentView.swift in Sources */ = {isa = PBXBuildFile; fileRef = E294FA172B4A6EA3000A0F89 /* ContentView.swift */; };
		E294FA1A2B4A6EA6000A0F89 /* Assets.xcassets in Resources */ = {isa = PBXBuildFile; fileRef = E294FA192B4A6EA6000A0F89 /* Assets.xcassets */; };
		E294FA1E2B4A6EA6000A0F89 /* Preview Assets.xcassets in Resources */ = {isa = PBXBuildFile; fileRef = E294FA1D2B4A6EA6000A0F89 /* Preview Assets.xcassets */; };
		E294FA282B4A6EA7000A0F89 /* hanoiTests.swift in Sources */ = {isa = PBXBuildFile; fileRef = E294FA272B4A6EA7000A0F89 /* hanoiTests.swift */; };
		E294FA322B4A6EA7000A0F89 /* hanoiUITests.swift in Sources */ = {isa = PBXBuildFile; fileRef = E294FA312B4A6EA7000A0F89 /* hanoiUITests.swift */; };
		E294FA342B4A6EA7000A0F89 /* hanoiUITestsLaunchTests.swift in Sources */ = {isa = PBXBuildFile; fileRef = E294FA332B4A6EA7000A0F89 /* hanoiUITestsLaunchTests.swift */; };
/* End PBXBuildFile section */

/* Begin PBXContainerItemProxy section */
		E294FA242B4A6EA7000A0F89 /* PBXContainerItemProxy */ = {
			isa = PBXContainerItemProxy;
			containerPortal = E294FA0A2B4A6EA3000A0F89 /* Project object */;
			proxyType = 1;
			remoteGlobalIDString = E294FA112B4A6EA3000A0F89;
			remoteInfo = hanoi;
		};
		E294FA2E2B4A6EA7000A0F89 /* PBXContainerItemProxy */ = {
			isa = PBXContainerItemProxy;
			containerPortal = E294FA0A2B4A6EA3000A0F89 /* Project object */;
			proxyType = 1;
			remoteGlobalIDString = E294FA112B4A6EA3000A0F89;
			remoteInfo = hanoi;
		};
/* End PBXContainerItemProxy section */

/* Begin PBXFileReference section */
		E294FA122B4A6EA3000A0F89 /* hanoi.app */ = {isa = PBXFileReference; explicitFileType = wrapper.application; includeInIndex = 0; path = hanoi.app; sourceTree = BUILT_PRODUCTS_DIR; };
		E294FA152B4A6EA3000A0F89 /* hanoiApp.swift */ = {isa = PBXFileReference; lastKnownFileType = sourcecode.swift; path = hanoiApp.swift; sourceTree = "<group>"; };
		E294FA172B4A6EA3000A0F89 /* ContentView.swift */ = {isa = PBXFileReference; lastKnownFileType = sourcecode.swift; path = ContentView.swift; sourceTree = "<group>"; };
		E294FA192B4A6EA6000A0F89 /* Assets.xcassets */ = {isa = PBXFileReference; lastKnownFileType = folder.assetcatalog; path = Assets.xcassets; sourceTree = "<group>"; };
		E294FA1B2B4A6EA6000A0F89 /* hanoi.entitlements */ = {isa = PBXFileReference; lastKnownFileType = text.plist.entitlements; path = hanoi.entitlements; sourceTree = "<group>"; };
		E294FA1D2B4A6EA6000A0F89 /* Preview Assets.xcassets */ = {isa = PBXFileReference; lastKnownFileType = folder.assetcatalog; path = "Preview Assets.xcassets"; sourceTree = "<group>"; };
		E294FA232B4A6EA7000A0F89 /* hanoiTests.xctest */ = {isa = PBXFileReference; explicitFileType = wrapper.cfbundle; includeInIndex = 0; path = hanoiTests.xctest; sourceTree = BUILT_PRODUCTS_DIR; };
		E294FA272B4A6EA7000A0F89 /* hanoiTests.swift */ = {isa = PBXFileReference; lastKnownFileType = sourcecode.swift; path = hanoiTests.swift; sourceTree = "<group>"; };
		E294FA2D2B4A6EA7000A0F89 /* hanoiUITests.xctest */ = {isa = PBXFileReference; explicitFileType = wrapper.cfbundle; includeInIndex = 0; path = hanoiUITests.xctest; sourceTree = BUILT_PRODUCTS_DIR; };
		E294FA312B4A6EA7000A0F89 /* hanoiUITests.swift */ = {isa = PBXFileReference; lastKnownFileType = sourcecode.swift; path = hanoiUITests.swift; sourceTree = "<group>"; };
		E294FA332B4A6EA7000A0F89 /* hanoiUITestsLaunchTests.swift */ = {isa = PBXFileReference; lastKnownFileType = sourcecode.swift; path = hanoiUITestsLaunchTests.swift; sourceTree = "<group>"; };
/* End PBXFileReference section */

/* Begin PBXFrameworksBuildPhase section */
		E294FA0F2B4A6EA3000A0F89 /* Frameworks */ = {
			isa = PBXFrameworksBuildPhase;
			buildActionMask = 2147483647;
			files = (
			);
			runOnlyForDeploymentPostprocessing = 0;
		};
		E294FA202B4A6EA7000A0F89 /* Frameworks */ = {
			isa = PBXFrameworksBuildPhase;
			buildActionMask = 2147483647;
			files = (
			);
			runOnlyForDeploymentPostprocessing = 0;
		};
		E294FA2A2B4A6EA7000A0F89 /* Frameworks */ = {
			isa = PBXFrameworksBuildPhase;
			buildActionMask = 2147483647;
			files = (
			);
			runOnlyForDeploymentPostprocessing = 0;
		};
/* End PBXFrameworksBuildPhase section */

/* Begin PBXGroup section */
		E294FA092B4A6EA3000A0F89 = {
			isa = PBXGroup;
			children = (
				E294FA142B4A6EA3000A0F89 /* hanoi */,
				E294FA262B4A6EA7000A0F89 /* hanoiTests */,
				E294FA302B4A6EA7000A0F89 /* hanoiUITests */,
				E294FA132B4A6EA3000A0F89 /* Products */,
			);
			sourceTree = "<group>";
		};
		E294FA132B4A6EA3000A0F89 /* Products */ = {
			isa = PBXGroup;
			children = (
				E294FA122B4A6EA3000A0F89 /* hanoi.app */,
				E294FA232B4A6EA7000A0F89 /* hanoiTests.xctest */,
				E294FA2D2B4A6EA7000A0F89 /* hanoiUITests.xctest */,
			);
			name = Products;
			sourceTree = "<group>";
		};
		E294FA142B4A6EA3000A0F89 /* hanoi */ = {
			isa = PBXGroup;
			children = (
				E294FA152B4A6EA3000A0F89 /* hanoiApp.swift */,
				E294FA172B4A6EA3000A0F89 /* ContentView.swift */,
				E294FA192B4A6EA6000A0F89 /* Assets.xcassets */,
				E294FA1B2B4A6EA6000A0F89 /* hanoi.entitlements */,
				E294FA1C2B4A6EA6000A0F89 /* Preview Content */,
			);
			path = hanoi;
			sourceTree = "<group>";
		};
		E294FA1C2B4A6EA6000A0F89 /* Preview Content */ = {
			isa = PBXGroup;
			children = (
				E294FA1D2B4A6EA6000A0F89 /* Preview Assets.xcassets */,
			);
			path = "Preview Content";
			sourceTree = "<group>";
		};
		E294FA262B4A6EA7000A0F89 /* hanoiTests */ = {
			isa = PBXGroup;
			children = (
				E294FA272B4A6EA7000A0F89 /* hanoiTests.swift */,
			);
			path = hanoiTests;
			sourceTree = "<group>";
		};
		E294FA302B4A6EA7000A0F89 /* hanoiUITests */ = {
			isa = PBXGroup;
			children = (
				E294FA312B4A6EA7000A0F89 /* hanoiUITests.swift */,
				E294FA332B4A6EA7000A0F89 /* hanoiUITestsLaunchTests.swift */,
			);
			path = hanoiUITests;
			sourceTree = "<group>";
		};
/* End PBXGroup section */

/* Begin PBXNativeTarget section */
		E294FA112B4A6EA3000A0F89 /* hanoi */ = {
			isa = PBXNativeTarget;
			buildConfigurationList = E294FA372B4A6EA7000A0F89 /* Build configuration list for PBXNativeTarget "hanoi" */;
			buildPhases = (
				E294FA0E2B4A6EA3000A0F89 /* Sources */,
				E294FA0F2B4A6EA3000A0F89 /* Frameworks */,
				E294FA102B4A6EA3000A0F89 /* Resources */,
			);
			buildRules = (
			);
			dependencies = (
			);
			name = hanoi;
			productName = hanoi;
			productReference = E294FA122B4A6EA3000A0F89 /* hanoi.app */;
			productType = "com.apple.product-type.application";
		};
		E294FA222B4A6EA7000A0F89 /* hanoiTests */ = {
			isa = PBXNativeTarget;
			buildConfigurationList = E294FA3A2B4A6EA7000A0F89 /* Build configuration list for PBXNativeTarget "hanoiTests" */;
			buildPhases = (
				E294FA1F2B4A6EA7000A0F89 /* Sources */,
				E294FA202B4A6EA7000A0F89 /* Frameworks */,
				E294FA212B4A6EA7000A0F89 /* Resources */,
			);
			buildRules = (
			);
			dependencies = (
				E294FA252B4A6EA7000A0F89 /* PBXTargetDependency */,
			);
			name = hanoiTests;
			productName = hanoiTests;
			productReference = E294FA232B4A6EA7000A0F89 /* hanoiTests.xctest */;
			productType = "com.apple.product-type.bundle.unit-test";
		};
		E294FA2C2B4A6EA7000A0F89 /* hanoiUITests */ = {
			isa = PBXNativeTarget;
			buildConfigurationList = E294FA3D2B4A6EA7000A0F89 /* Build configuration list for PBXNativeTarget "hanoiUITests" */;
			buildPhases = (
				E294FA292B4A6EA7000A0F89 /* Sources */,
				E294FA2A2B4A6EA7000A0F89 /* Frameworks */,
				E294FA2B2B4A6EA7000A0F89 /* Resources */,
			);
			buildRules = (
			);
			dependencies = (
				E294FA2F2B4A6EA7000A0F89 /* PBXTargetDependency */,
			);
			name = hanoiUITests;
			productName = hanoiUITests;
			productReference = E294FA2D2B4A6EA7000A0F89 /* hanoiUITests.xctest */;
			productType = "com.apple.product-type.bundle.ui-testing";
		};
/* End PBXNativeTarget section */

/* Begin PBXProject section */
		E294FA0A2B4A6EA3000A0F89 /* Project object */ = {
			isa = PBXProject;
			attributes = {
				BuildIndependentTargetsInParallel = 1;
				LastSwiftUpdateCheck = 1510;
				LastUpgradeCheck = 1510;
				TargetAttributes = {
					E294FA112B4A6EA3000A0F89 = {
						CreatedOnToolsVersion = 15.1;
					};
					E294FA222B4A6EA7000A0F89 = {
						CreatedOnToolsVersion = 15.1;
						TestTargetID = E294FA112B4A6EA3000A0F89;
					};
					E294FA2C2B4A6EA7000A0F89 = {
						CreatedOnToolsVersion = 15.1;
						TestTargetID = E294FA112B4A6EA3000A0F89;
					};
				};
			};
			buildConfigurationList = E294FA0D2B4A6EA3000A0F89 /* Build configuration list for PBXProject "hanoi" */;
			compatibilityVersion = "Xcode 14.0";
			developmentRegion = en;
			hasScannedForEncodings = 0;
			knownRegions = (
				en,
				Base,
			);
			mainGroup = E294FA092B4A6EA3000A0F89;
			productRefGroup = E294FA132B4A6EA3000A0F89 /* Products */;
			projectDirPath = "";
			projectRoot = "";
			targets = (
				E294FA112B4A6EA3000A0F89 /* hanoi */,
				E294FA222B4A6EA7000A0F89 /* hanoiTests */,
				E294FA2C2B4A6EA7000A0F89 /* hanoiUITests */,
			);
		};
/* End PBXProject section */

/* Begin PBXResourcesBuildPhase section */
		E294FA102B4A6EA3000A0F89 /* Resources */ = {
			isa = PBXResourcesBuildPhase;
			buildActionMask = 2147483647;
			files = (
				E294FA1E2B4A6EA6000A0F89 /* Preview Assets.xcassets in Resources */,
				E294FA1A2B4A6EA6000A0F89 /* Assets.xcassets in Resources */,
			);
			runOnlyForDeploymentPostprocessing = 0;
		};
		E294FA212B4A6EA7000A0F89 /* Resources */ = {
			isa = PBXResourcesBuildPhase;
			buildActionMask = 2147483647;
			files = (
			);
			runOnlyForDeploymentPostprocessing = 0;
		};
		E294FA2B2B4A6EA7000A0F89 /* Resources */ = {
			isa = PBXResourcesBuildPhase;
			buildActionMask = 2147483647;
			files = (
			);
			runOnlyForDeploymentPostprocessing = 0;
		};
/* End PBXResourcesBuildPhase section */

/* Begin PBXSourcesBuildPhase section */
		E294FA0E2B4A6EA3000A0F89 /* Sources */ = {
			isa = PBXSourcesBuildPhase;
			buildActionMask = 2147483647;
			files = (
				E294FA182B4A6EA3000A0F89 /* ContentView.swift in Sources */,
				E294FA162B4A6EA3000A0F89 /* hanoiApp.swift in Sources */,
			);
			runOnlyForDeploymentPostprocessing = 0;
		};
		E294FA1F2B4A6EA7000A0F89 /* Sources */ = {
			isa = PBXSourcesBuildPhase;
			buildActionMask = 2147483647;
			files = (
				E294FA282B4A6EA7000A0F89 /* hanoiTests.swift in Sources */,
			);
			runOnlyForDeploymentPostprocessing = 0;
		};
		E294FA292B4A6EA7000A0F89 /* Sources */ = {
			isa = PBXSourcesBuildPhase;
			buildActionMask = 2147483647;
			files = (
				E294FA342B4A6EA7000A0F89 /* hanoiUITestsLaunchTests.swift in Sources */,
				E294FA322B4A6EA7000A0F89 /* hanoiUITests.swift in Sources */,
			);
			runOnlyForDeploymentPostprocessing = 0;
		};
/* End PBXSourcesBuildPhase section */

/* Begin PBXTargetDependency section */
		E294FA252B4A6EA7000A0F89 /* PBXTargetDependency */ = {
			isa = PBXTargetDependency;
			target = E294FA112B4A6EA3000A0F89 /* hanoi */;
			targetProxy = E294FA242B4A6EA7000A0F89 /* PBXContainerItemProxy */;
		};
		E294FA2F2B4A6EA7000A0F89 /* PBXTargetDependency */ = {
			isa = PBXTargetDependency;
			target = E294FA112B4A6EA3000A0F89 /* hanoi */;
			targetProxy = E294FA2E2B4A6EA7000A0F89 /* PBXContainerItemProxy */;
		};
/* End PBXTargetDependency section */

/* Begin XCBuildConfiguration section */
		E294FA352B4A6EA7000A0F89 /* Debug */ = {
			isa = XCBuildConfiguration;
			buildSettings = {
				ALWAYS_SEARCH_USER_PATHS = NO;
				ASSETCATALOG_COMPILER_GENERATE_SWIFT_ASSET_SYMBOL_EXTENSIONS = YES;
				CLANG_ANALYZER_NONNULL = YES;
				CLANG_ANALYZER_NUMBER_OBJECT_CONVERSION = YES_AGGRESSIVE;
				CLANG_CXX_LANGUAGE_STANDARD = "gnu++20";
				CLANG_ENABLE_MODULES = YES;
				CLANG_ENABLE_OBJC_ARC = YES;
				CLANG_ENABLE_OBJC_WEAK = YES;
				CLANG_WARN_BLOCK_CAPTURE_AUTORELEASING = YES;
				CLANG_WARN_BOOL_CONVERSION = YES;
				CLANG_WARN_COMMA = YES;
				CLANG_WARN_CONSTANT_CONVERSION = YES;
				CLANG_WARN_DEPRECATED_OBJC_IMPLEMENTATIONS = YES;
				CLANG_WARN_DIRECT_OBJC_ISA_USAGE = YES_ERROR;
				CLANG_WARN_DOCUMENTATION_COMMENTS = YES;
				CLANG_WARN_EMPTY_BODY = YES;
				CLANG_WARN_ENUM_CONVERSION = YES;
				CLANG_WARN_INFINITE_RECURSION = YES;
				CLANG_WARN_INT_CONVERSION = YES;
				CLANG_WARN_NON_LITERAL_NULL_CONVERSION = YES;
				CLANG_WARN_OBJC_IMPLICIT_RETAIN_SELF = YES;
				CLANG_WARN_OBJC_LITERAL_CONVERSION = YES;
				CLANG_WARN_OBJC_ROOT_CLASS = YES_ERROR;
				CLANG_WARN_QUOTED_INCLUDE_IN_FRAMEWORK_HEADER = YES;
				CLANG_WARN_RANGE_LOOP_ANALYSIS = YES;
				CLANG_WARN_STRICT_PROTOTYPES = YES;
				CLANG_WARN_SUSPICIOUS_MOVE = YES;
				CLANG_WARN_UNGUARDED_AVAILABILITY = YES_AGGRESSIVE;
				CLANG_WARN_UNREACHABLE_CODE = YES;
				CLANG_WARN__DUPLICATE_METHOD_MATCH = YES;
				COPY_PHASE_STRIP = NO;
				DEBUG_INFORMATION_FORMAT = dwarf;
				ENABLE_STRICT_OBJC_MSGSEND = YES;
				ENABLE_TESTABILITY = YES;
				ENABLE_USER_SCRIPT_SANDBOXING = YES;
				GCC_C_LANGUAGE_STANDARD = gnu17;
				GCC_DYNAMIC_NO_PIC = NO;
				GCC_NO_COMMON_BLOCKS = YES;
				GCC_OPTIMIZATION_LEVEL = 0;
				GCC_PREPROCESSOR_DEFINITIONS = (
					"DEBUG=1",
					"$(inherited)",
				);
				GCC_WARN_64_TO_32_BIT_CONVERSION = YES;
				GCC_WARN_ABOUT_RETURN_TYPE = YES_ERROR;
				GCC_WARN_UNDECLARED_SELECTOR = YES;
				GCC_WARN_UNINITIALIZED_AUTOS = YES_AGGRESSIVE;
				GCC_WARN_UNUSED_FUNCTION = YES;
				GCC_WARN_UNUSED_VARIABLE = YES;
				LOCALIZATION_PREFERS_STRING_CATALOGS = YES;
				MTL_ENABLE_DEBUG_INFO = INCLUDE_SOURCE;
				MTL_FAST_MATH = YES;
				ONLY_ACTIVE_ARCH = YES;
				SWIFT_ACTIVE_COMPILATION_CONDITIONS = "DEBUG $(inherited)";
				SWIFT_OPTIMIZATION_LEVEL = "-Onone";
			};
			name = Debug;
		};
		E294FA362B4A6EA7000A0F89 /* Release */ = {
			isa = XCBuildConfiguration;
			buildSettings = {
				ALWAYS_SEARCH_USER_PATHS = NO;
				ASSETCATALOG_COMPILER_GENERATE_SWIFT_ASSET_SYMBOL_EXTENSIONS = YES;
				CLANG_ANALYZER_NONNULL = YES;
				CLANG_ANALYZER_NUMBER_OBJECT_CONVERSION = YES_AGGRESSIVE;
				CLANG_CXX_LANGUAGE_STANDARD = "gnu++20";
				CLANG_ENABLE_MODULES = YES;
				CLANG_ENABLE_OBJC_ARC = YES;
				CLANG_ENABLE_OBJC_WEAK = YES;
				CLANG_WARN_BLOCK_CAPTURE_AUTORELEASING = YES;
				CLANG_WARN_BOOL_CONVERSION = YES;
				CLANG_WARN_COMMA = YES;
				CLANG_WARN_CONSTANT_CONVERSION = YES;
				CLANG_WARN_DEPRECATED_OBJC_IMPLEMENTATIONS = YES;
				CLANG_WARN_DIRECT_OBJC_ISA_USAGE = YES_ERROR;
				CLANG_WARN_DOCUMENTATION_COMMENTS = YES;
				CLANG_WARN_EMPTY_BODY = YES;
				CLANG_WARN_ENUM_CONVERSION = YES;
				CLANG_WARN_INFINITE_RECURSION = YES;
				CLANG_WARN_INT_CONVERSION = YES;
				CLANG_WARN_NON_LITERAL_NULL_CONVERSION = YES;
				CLANG_WARN_OBJC_IMPLICIT_RETAIN_SELF = YES;
				CLANG_WARN_OBJC_LITERAL_CONVERSION = YES;
				CLANG_WARN_OBJC_ROOT_CLASS = YES_ERROR;
				CLANG_WARN_QUOTED_INCLUDE_IN_FRAMEWORK_HEADER = YES;
				CLANG_WARN_RANGE_LOOP_ANALYSIS = YES;
				CLANG_WARN_STRICT_PROTOTYPES = YES;
				CLANG_WARN_SUSPICIOUS_MOVE = YES;
				CLANG_WARN_UNGUARDED_AVAILABILITY = YES_AGGRESSIVE;
				CLANG_WARN_UNREACHABLE_CODE = YES;
				CLANG_WARN__DUPLICATE_METHOD_MATCH = YES;
				COPY_PHASE_STRIP = NO;
				DEBUG_INFORMATION_FORMAT = "dwarf-with-dsym";
				ENABLE_NS_ASSERTIONS = NO;
				ENABLE_STRICT_OBJC_MSGSEND = YES;
				ENABLE_USER_SCRIPT_SANDBOXING = YES;
				GCC_C_LANGUAGE_STANDARD = gnu17;
				GCC_NO_COMMON_BLOCKS = YES;
				GCC_WARN_64_TO_32_BIT_CONVERSION = YES;
				GCC_WARN_ABOUT_RETURN_TYPE = YES_ERROR;
				GCC_WARN_UNDECLARED_SELECTOR = YES;
				GCC_WARN_UNINITIALIZED_AUTOS = YES_AGGRESSIVE;
				GCC_WARN_UNUSED_FUNCTION = YES;
				GCC_WARN_UNUSED_VARIABLE = YES;
				LOCALIZATION_PREFERS_STRING_CATALOGS = YES;
				MTL_ENABLE_DEBUG_INFO = NO;
				MTL_FAST_MATH = YES;
				SWIFT_COMPILATION_MODE = wholemodule;
			};
			name = Release;
		};
		E294FA382B4A6EA7000A0F89 /* Debug */ = {
			isa = XCBuildConfiguration;
			buildSettings = {
				ASSETCATALOG_COMPILER_APPICON_NAME = AppIcon;
				ASSETCATALOG_COMPILER_GLOBAL_ACCENT_COLOR_NAME = AccentColor;
				CODE_SIGN_ENTITLEMENTS = hanoi/hanoi.entitlements;
				CODE_SIGN_STYLE = Automatic;
				CURRENT_PROJECT_VERSION = 1;
				DEVELOPMENT_ASSET_PATHS = "\"hanoi/Preview Content\"";
				DEVELOPMENT_TEAM = B8A52LCSDP;
				ENABLE_HARDENED_RUNTIME = YES;
				ENABLE_PREVIEWS = YES;
				GENERATE_INFOPLIST_FILE = YES;
				"INFOPLIST_KEY_UIApplicationSceneManifest_Generation[sdk=iphoneos*]" = YES;
				"INFOPLIST_KEY_UIApplicationSceneManifest_Generation[sdk=iphonesimulator*]" = YES;
				"INFOPLIST_KEY_UIApplicationSupportsIndirectInputEvents[sdk=iphoneos*]" = YES;
				"INFOPLIST_KEY_UIApplicationSupportsIndirectInputEvents[sdk=iphonesimulator*]" = YES;
				"INFOPLIST_KEY_UILaunchScreen_Generation[sdk=iphoneos*]" = YES;
				"INFOPLIST_KEY_UILaunchScreen_Generation[sdk=iphonesimulator*]" = YES;
				"INFOPLIST_KEY_UIStatusBarStyle[sdk=iphoneos*]" = UIStatusBarStyleDefault;
				"INFOPLIST_KEY_UIStatusBarStyle[sdk=iphonesimulator*]" = UIStatusBarStyleDefault;
				INFOPLIST_KEY_UISupportedInterfaceOrientations_iPad = "UIInterfaceOrientationPortrait UIInterfaceOrientationPortraitUpsideDown UIInterfaceOrientationLandscapeLeft UIInterfaceOrientationLandscapeRight";
				INFOPLIST_KEY_UISupportedInterfaceOrientations_iPhone = "UIInterfaceOrientationPortrait UIInterfaceOrientationLandscapeLeft UIInterfaceOrientationLandscapeRight";
				IPHONEOS_DEPLOYMENT_TARGET = 17.2;
				LD_RUNPATH_SEARCH_PATHS = "@executable_path/Frameworks";
				"LD_RUNPATH_SEARCH_PATHS[sdk=macosx*]" = "@executable_path/../Frameworks";
				MACOSX_DEPLOYMENT_TARGET = 13.6;
				MARKETING_VERSION = 1.0;
				PRODUCT_BUNDLE_IDENTIFIER = kyoheiHanoi.hanoi;
				PRODUCT_NAME = "$(TARGET_NAME)";
				SDKROOT = auto;
				SUPPORTED_PLATFORMS = "iphoneos iphonesimulator macosx";
				SWIFT_EMIT_LOC_STRINGS = YES;
				SWIFT_VERSION = 5.0;
				TARGETED_DEVICE_FAMILY = "1,2";
			};
			name = Debug;
		};
		E294FA392B4A6EA7000A0F89 /* Release */ = {
			isa = XCBuildConfiguration;
			buildSettings = {
				ASSETCATALOG_COMPILER_APPICON_NAME = AppIcon;
				ASSETCATALOG_COMPILER_GLOBAL_ACCENT_COLOR_NAME = AccentColor;
				CODE_SIGN_ENTITLEMENTS = hanoi/hanoi.entitlements;
				CODE_SIGN_STYLE = Automatic;
				CURRENT_PROJECT_VERSION = 1;
				DEVELOPMENT_ASSET_PATHS = "\"hanoi/Preview Content\"";
				DEVELOPMENT_TEAM = B8A52LCSDP;
				ENABLE_HARDENED_RUNTIME = YES;
				ENABLE_PREVIEWS = YES;
				GENERATE_INFOPLIST_FILE = YES;
				"INFOPLIST_KEY_UIApplicationSceneManifest_Generation[sdk=iphoneos*]" = YES;
				"INFOPLIST_KEY_UIApplicationSceneManifest_Generation[sdk=iphonesimulator*]" = YES;
				"INFOPLIST_KEY_UIApplicationSupportsIndirectInputEvents[sdk=iphoneos*]" = YES;
				"INFOPLIST_KEY_UIApplicationSupportsIndirectInputEvents[sdk=iphonesimulator*]" = YES;
				"INFOPLIST_KEY_UILaunchScreen_Generation[sdk=iphoneos*]" = YES;
				"INFOPLIST_KEY_UILaunchScreen_Generation[sdk=iphonesimulator*]" = YES;
				"INFOPLIST_KEY_UIStatusBarStyle[sdk=iphoneos*]" = UIStatusBarStyleDefault;
				"INFOPLIST_KEY_UIStatusBarStyle[sdk=iphonesimulator*]" = UIStatusBarStyleDefault;
				INFOPLIST_KEY_UISupportedInterfaceOrientations_iPad = "UIInterfaceOrientationPortrait UIInterfaceOrientationPortraitUpsideDown UIInterfaceOrientationLandscapeLeft UIInterfaceOrientationLandscapeRight";
				INFOPLIST_KEY_UISupportedInterfaceOrientations_iPhone = "UIInterfaceOrientationPortrait UIInterfaceOrientationLandscapeLeft UIInterfaceOrientationLandscapeRight";
				IPHONEOS_DEPLOYMENT_TARGET = 17.2;
				LD_RUNPATH_SEARCH_PATHS = "@executable_path/Frameworks";
				"LD_RUNPATH_SEARCH_PATHS[sdk=macosx*]" = "@executable_path/../Frameworks";
				MACOSX_DEPLOYMENT_TARGET = 13.6;
				MARKETING_VERSION = 1.0;
				PRODUCT_BUNDLE_IDENTIFIER = kyoheiHanoi.hanoi;
				PRODUCT_NAME = "$(TARGET_NAME)";
				SDKROOT = auto;
				SUPPORTED_PLATFORMS = "iphoneos iphonesimulator macosx";
				SWIFT_EMIT_LOC_STRINGS = YES;
				SWIFT_VERSION = 5.0;
				TARGETED_DEVICE_FAMILY = "1,2";
			};
			name = Release;
		};
		E294FA3B2B4A6EA7000A0F89 /* Debug */ = {
			isa = XCBuildConfiguration;
			buildSettings = {
				ALWAYS_EMBED_SWIFT_STANDARD_LIBRARIES = YES;
				BUNDLE_LOADER = "$(TEST_HOST)";
				CODE_SIGN_STYLE = Automatic;
				CURRENT_PROJECT_VERSION = 1;
				DEVELOPMENT_TEAM = B8A52LCSDP;
				GENERATE_INFOPLIST_FILE = YES;
				IPHONEOS_DEPLOYMENT_TARGET = 17.2;
				MACOSX_DEPLOYMENT_TARGET = 13.6;
				MARKETING_VERSION = 1.0;
				PRODUCT_BUNDLE_IDENTIFIER = kyoheiHanoi.hanoiTests;
				PRODUCT_NAME = "$(TARGET_NAME)";
				SDKROOT = auto;
				SUPPORTED_PLATFORMS = "iphoneos iphonesimulator macosx";
				SWIFT_EMIT_LOC_STRINGS = NO;
				SWIFT_VERSION = 5.0;
				TARGETED_DEVICE_FAMILY = "1,2";
				TEST_HOST = "$(BUILT_PRODUCTS_DIR)/hanoi.app/$(BUNDLE_EXECUTABLE_FOLDER_PATH)/hanoi";
			};
			name = Debug;
		};
		E294FA3C2B4A6EA7000A0F89 /* Release */ = {
			isa = XCBuildConfiguration;
			buildSettings = {
				ALWAYS_EMBED_SWIFT_STANDARD_LIBRARIES = YES;
				BUNDLE_LOADER = "$(TEST_HOST)";
				CODE_SIGN_STYLE = Automatic;
				CURRENT_PROJECT_VERSION = 1;
				DEVELOPMENT_TEAM = B8A52LCSDP;
				GENERATE_INFOPLIST_FILE = YES;
				IPHONEOS_DEPLOYMENT_TARGET = 17.2;
				MACOSX_DEPLOYMENT_TARGET = 13.6;
				MARKETING_VERSION = 1.0;
				PRODUCT_BUNDLE_IDENTIFIER = kyoheiHanoi.hanoiTests;
				PRODUCT_NAME = "$(TARGET_NAME)";
				SDKROOT = auto;
				SUPPORTED_PLATFORMS = "iphoneos iphonesimulator macosx";
				SWIFT_EMIT_LOC_STRINGS = NO;
				SWIFT_VERSION = 5.0;
				TARGETED_DEVICE_FAMILY = "1,2";
				TEST_HOST = "$(BUILT_PRODUCTS_DIR)/hanoi.app/$(BUNDLE_EXECUTABLE_FOLDER_PATH)/hanoi";
			};
			name = Release;
		};
		E294FA3E2B4A6EA7000A0F89 /* Debug */ = {
			isa = XCBuildConfiguration;
			buildSettings = {
				ALWAYS_EMBED_SWIFT_STANDARD_LIBRARIES = YES;
				CODE_SIGN_STYLE = Automatic;
				CURRENT_PROJECT_VERSION = 1;
				DEVELOPMENT_TEAM = B8A52LCSDP;
				GENERATE_INFOPLIST_FILE = YES;
				IPHONEOS_DEPLOYMENT_TARGET = 17.2;
				MACOSX_DEPLOYMENT_TARGET = 13.6;
				MARKETING_VERSION = 1.0;
				PRODUCT_BUNDLE_IDENTIFIER = kyoheiHanoi.hanoiUITests;
				PRODUCT_NAME = "$(TARGET_NAME)";
				SDKROOT = auto;
				SUPPORTED_PLATFORMS = "iphoneos iphonesimulator macosx";
				SWIFT_EMIT_LOC_STRINGS = NO;
				SWIFT_VERSION = 5.0;
				TARGETED_DEVICE_FAMILY = "1,2";
				TEST_TARGET_NAME = hanoi;
			};
			name = Debug;
		};
		E294FA3F2B4A6EA7000A0F89 /* Release */ = {
			isa = XCBuildConfiguration;
			buildSettings = {
				ALWAYS_EMBED_SWIFT_STANDARD_LIBRARIES = YES;
				CODE_SIGN_STYLE = Automatic;
				CURRENT_PROJECT_VERSION = 1;
				DEVELOPMENT_TEAM = B8A52LCSDP;
				GENERATE_INFOPLIST_FILE = YES;
				IPHONEOS_DEPLOYMENT_TARGET = 17.2;
				MACOSX_DEPLOYMENT_TARGET = 13.6;
				MARKETING_VERSION = 1.0;
				PRODUCT_BUNDLE_IDENTIFIER = kyoheiHanoi.hanoiUITests;
				PRODUCT_NAME = "$(TARGET_NAME)";
				SDKROOT = auto;
				SUPPORTED_PLATFORMS = "iphoneos iphonesimulator macosx";
				SWIFT_EMIT_LOC_STRINGS = NO;
				SWIFT_VERSION = 5.0;
				TARGETED_DEVICE_FAMILY = "1,2";
				TEST_TARGET_NAME = hanoi;
			};
			name = Release;
		};
/* End XCBuildConfiguration section */

/* Begin XCConfigurationList section */
		E294FA0D2B4A6EA3000A0F89 /* Build configuration list for PBXProject "hanoi" */ = {
			isa = XCConfigurationList;
			buildConfigurations = (
				E294FA352B4A6EA7000A0F89 /* Debug */,
				E294FA362B4A6EA7000A0F89 /* Release */,
			);
			defaultConfigurationIsVisible = 0;
			defaultConfigurationName = Release;
		};
		E294FA372B4A6EA7000A0F89 /* Build configuration list for PBXNativeTarget "hanoi" */ = {
			isa = XCConfigurationList;
			buildConfigurations = (
				E294FA382B4A6EA7000A0F89 /* Debug */,
				E294FA392B4A6EA7000A0F89 /* Release */,
			);
			defaultConfigurationIsVisible = 0;
			defaultConfigurationName = Release;
		};
		E294FA3A2B4A6EA7000A0F89 /* Build configuration list for PBXNativeTarget "hanoiTests" */ = {
			isa = XCConfigurationList;
			buildConfigurations = (
				E294FA3B2B4A6EA7000A0F89 /* Debug */,
				E294FA3C2B4A6EA7000A0F89 /* Release */,
			);
			defaultConfigurationIsVisible = 0;
			defaultConfigurationName = Release;
		};
		E294FA3D2B4A6EA7000A0F89 /* Build configuration list for PBXNativeTarget "hanoiUITests" */ = {
			isa = XCConfigurationList;
			buildConfigurations = (
				E294FA3E2B4A6EA7000A0F89 /* Debug */,
				E294FA3F2B4A6EA7000A0F89 /* Release */,
			);
			defaultConfigurationIsVisible = 0;
			defaultConfigurationName = Release;
		};
/* End XCConfigurationList section */
	};
	rootObject = E294FA0A2B4A6EA3000A0F89 /* Project object */;
}
